{
  "version": 4,
  "terraform_version": "1.2.5",
  "serial": 41,
  "lineage": "832999cf-5542-69ca-3598-80ff5a5bbe41",
  "outputs": {},
  "resources": [
    {
      "module": "module.ingress",
      "mode": "managed",
      "type": "helm_release",
      "name": "ingress-nginx",
      "provider": "provider[\"registry.terraform.io/hashicorp/helm\"]",
      "instances": [
        {
          "schema_version": 1,
          "attributes": {
            "atomic": false,
            "chart": "ingress-nginx",
            "cleanup_on_fail": false,
            "create_namespace": true,
            "dependency_update": false,
            "description": null,
            "devel": null,
            "disable_crd_hooks": false,
            "disable_openapi_validation": false,
            "disable_webhooks": false,
            "force_update": false,
            "id": "ingress-nginx",
            "keyring": null,
            "lint": false,
            "manifest": null,
            "max_history": 0,
            "metadata": [
              {
                "app_version": "1.10.1",
                "chart": "ingress-nginx",
                "name": "ingress-nginx",
                "namespace": "ingress-nginx",
                "revision": 1,
                "values": "{\"controller\":{\"ingressClassResource\":{\"controllerValue\":\"k8s.io/nginx\",\"name\":\"nginx\"},\"metrics\":{\"enabled\":true},\"replicaCount\":\"1\",\"service\":{\"annotations\":{\"\\\"metallb.universe.tf/loadBalancerIPs\\\"\":\"172.31.255.254\"},\"type\":\"LoadBalancer\"},\"updateStrategy\":{\"type\":\"Recreate\"}}}",
                "version": "4.10.1"
              }
            ],
            "name": "ingress-nginx",
            "namespace": "ingress-nginx",
            "pass_credentials": false,
            "postrender": [],
            "recreate_pods": false,
            "render_subchart_notes": true,
            "replace": false,
            "repository": "https://kubernetes.github.io/ingress-nginx",
            "repository_ca_file": null,
            "repository_cert_file": null,
            "repository_key_file": null,
            "repository_password": null,
            "repository_username": null,
            "reset_values": false,
            "reuse_values": false,
            "set": [
              {
                "name": "controller.service.annotations.\"metallb\\.universe\\.tf/loadBalancerIPs\"",
                "type": "",
                "value": "172.31.255.254"
              },
              {
                "name": "controller.service.type",
                "type": "",
                "value": "LoadBalancer"
              }
            ],
            "set_list": [],
            "set_sensitive": [],
            "skip_crds": false,
            "status": "deployed",
            "timeout": 300,
            "values": [
              "controller:\n  metrics:\n    enabled: true\n    # serviceMonitor:\n    #   additionalLabels:\n    #     release: kube-prometheus-stack\n    #   enabled: true\n  service:\n    type: LoadBalancer\n  replicaCount: \"1\"\n  ingressClassResource:\n    name: nginx\n    controllerValue: k8s.io/nginx\n  updateStrategy:\n    type: Recreate"
            ],
            "verify": false,
            "version": "4.10.1",
            "wait": true,
            "wait_for_jobs": false
          },
          "sensitive_attributes": [],
          "private": "eyJzY2hlbWFfdmVyc2lvbiI6IjEifQ=="
        }
      ]
    },
    {
      "module": "module.minio",
      "mode": "managed",
      "type": "helm_release",
      "name": "minio-operator",
      "provider": "provider[\"registry.terraform.io/hashicorp/helm\"]",
      "instances": [
        {
          "schema_version": 1,
          "attributes": {
            "atomic": false,
            "chart": "minio-operator",
            "cleanup_on_fail": false,
            "create_namespace": true,
            "dependency_update": false,
            "description": null,
            "devel": null,
            "disable_crd_hooks": false,
            "disable_openapi_validation": false,
            "disable_webhooks": false,
            "force_update": false,
            "id": "minio-operator",
            "keyring": null,
            "lint": false,
            "manifest": null,
            "max_history": 0,
            "metadata": [
              {
                "app_version": "v4.3.7",
                "chart": "minio-operator",
                "name": "minio-operator",
                "namespace": "minio-operator",
                "revision": 1,
                "values": "{\"console\":{\"image\":{\"repository\":\"quay.io/minio/console\"}},\"operator\":{\"image\":{\"repository\":\"quay.io/minio/operator\"}},\"tenants\":[]}",
                "version": "4.3.7"
              }
            ],
            "name": "minio-operator",
            "namespace": "minio-operator",
            "pass_credentials": false,
            "postrender": [],
            "recreate_pods": false,
            "render_subchart_notes": true,
            "replace": false,
            "repository": "https://operator.min.io",
            "repository_ca_file": null,
            "repository_cert_file": null,
            "repository_key_file": null,
            "repository_password": null,
            "repository_username": null,
            "reset_values": false,
            "reuse_values": false,
            "set": [
              {
                "name": "console.image.repository",
                "type": "",
                "value": "quay.io/minio/console"
              },
              {
                "name": "operator.image.repository",
                "type": "",
                "value": "quay.io/minio/operator"
              }
            ],
            "set_list": [],
            "set_sensitive": [],
            "skip_crds": false,
            "status": "deployed",
            "timeout": 300,
            "values": [
              "tenants: []"
            ],
            "verify": false,
            "version": "4.3.7",
            "wait": true,
            "wait_for_jobs": false
          },
          "sensitive_attributes": [],
          "private": "eyJzY2hlbWFfdmVyc2lvbiI6IjEifQ=="
        }
      ]
    },
    {
      "module": "module.minio",
      "mode": "managed",
      "type": "helm_release",
      "name": "minio-tenant",
      "provider": "provider[\"registry.terraform.io/hashicorp/helm\"]",
      "instances": [
        {
          "status": "tainted",
          "schema_version": 1,
          "attributes": {
            "atomic": false,
            "chart": "tenant",
            "cleanup_on_fail": false,
            "create_namespace": true,
            "dependency_update": false,
            "description": null,
            "devel": null,
            "disable_crd_hooks": false,
            "disable_openapi_validation": false,
            "disable_webhooks": false,
            "force_update": false,
            "id": "minio",
            "keyring": null,
            "lint": false,
            "manifest": null,
            "max_history": 0,
            "metadata": [
              {
                "app_version": "v7.0.1",
                "chart": "tenant",
                "name": "minio",
                "namespace": "default",
                "revision": 1,
                "values": "{\"tenant\":{\"certificate\":{\"requestAutoCert\":false},\"env\":[{\"name\":\"MINIO_SERVER_URL\",\"value\":\"http://myminio.minio-tenant.svc.cluster.local:9000\"}],\"name\":\"myminio\",\"pools\":[{\"servers\":4,\"size\":\"10Gi\",\"volumesPerServer\":4}],\"prometheusOperator\":{\"enabled\":false}}}",
                "version": "7.0.1"
              }
            ],
            "name": "minio",
            "namespace": "default",
            "pass_credentials": false,
            "postrender": [],
            "recreate_pods": false,
            "render_subchart_notes": true,
            "replace": false,
            "repository": "https://operator.min.io",
            "repository_ca_file": null,
            "repository_cert_file": null,
            "repository_key_file": null,
            "repository_password": null,
            "repository_username": null,
            "reset_values": false,
            "reuse_values": false,
            "set": [],
            "set_list": [],
            "set_sensitive": [],
            "skip_crds": false,
            "status": "failed",
            "timeout": 300,
            "values": [
              "tenant:\n  name: myminio\n  pools:\n    - servers: 4\n      volumesPerServer: 4\n      size: 10Gi\n  certificate:\n    requestAutoCert: false  # Disable TLS certificate generation\n  prometheusOperator:\n    enabled: false          # Correct object structure, disables Prometheus Operator\n  env:\n    - name: MINIO_SERVER_URL\n      value: \"http://myminio.minio-tenant.svc.cluster.local:9000\"  # Force HTTP"
            ],
            "verify": false,
            "version": "7.0.1",
            "wait": true,
            "wait_for_jobs": false
          },
          "sensitive_attributes": [],
          "private": "eyJzY2hlbWFfdmVyc2lvbiI6IjEifQ==",
          "dependencies": [
            "module.minio.helm_release.minio-operator"
          ]
        }
      ]
    }
  ]
}
